
Microsoft Visual Studio Solution File, Format Version 12.00
# Visual Studio Version 16
VisualStudioVersion = 16.0.30002.166
MinimumVisualStudioVersion = 10.0.40219.1
Project("{FAE04EC0-301F-11D3-BF4B-00C04F79EFBC}") = "OOP Tutorial", "OOP Tutorial.csproj", "{5A631C05-D871-4FE6-A5C7-8C26C152A5B4}"
EndProject
Global
	GlobalSection(SolutionConfigurationPlatforms) = preSolution
		Debug|Any CPU = Debug|Any CPU
		Release|Any CPU = Release|Any CPU
	EndGlobalSection
	GlobalSection(ProjectConfigurationPlatforms) = postSolution
		{5A631C05-D871-4FE6-A5C7-8C26C152A5B4}.Debug|Any CPU.ActiveCfg = Debug|Any CPU
		{5A631C05-D871-4FE6-A5C7-8C26C152A5B4}.Debug|Any CPU.Build.0 = Debug|Any CPU
		{5A631C05-D871-4FE6-A5C7-8C26C152A5B4}.Release|Any CPU.ActiveCfg = Release|Any CPU
		{5A631C05-D871-4FE6-A5C7-8C26C152A5B4}.Release|Any CPU.Build.0 = Release|Any CPU
	EndGlobalSection
	GlobalSection(SolutionProperties) = preSolution
		HideSolutionNode = FALSE
	EndGlobalSection
	GlobalSection(ExtensibilityGlobals) = postSolution
		SolutionGuid = {BDEC57F9-59E1-4D03-A410-630C5C91BBD4}
	EndGlobalSection
EndGlobal
